// !$*UTF8*$!
{
	archiveVersion = 1;
	classes = {
	};
	objectVersion = 50;
	objects = {

/* Begin PBXBuildFile section */
		45742ABB296283D000E19980 /* RMService.swift in Sources */ = {isa = PBXBuildFile; fileRef = 45742ABA296283D000E19980 /* RMService.swift */; };
		45742ABD2962840B00E19980 /* RMRequest.swift in Sources */ = {isa = PBXBuildFile; fileRef = 45742ABC2962840B00E19980 /* RMRequest.swift */; };
		45742ABF29628B2900E19980 /* RMEndpoint.swift in Sources */ = {isa = PBXBuildFile; fileRef = 45742ABE29628B2900E19980 /* RMEndpoint.swift */; };
		45742AC12962AE9500E19980 /* RMOrigin.swift in Sources */ = {isa = PBXBuildFile; fileRef = 45742AC02962AE9500E19980 /* RMOrigin.swift */; };
		45742AC32962AFAE00E19980 /* RMSingleLocation.swift in Sources */ = {isa = PBXBuildFile; fileRef = 45742AC22962AFAE00E19980 /* RMSingleLocation.swift */; };
		45742AC52962B3C900E19980 /* RMCharacterStatus.swift in Sources */ = {isa = PBXBuildFile; fileRef = 45742AC42962B3C900E19980 /* RMCharacterStatus.swift */; };
		45742AC72962B43C00E19980 /* RMCharacterGender.swift in Sources */ = {isa = PBXBuildFile; fileRef = 45742AC62962B43C00E19980 /* RMCharacterGender.swift */; };
		45C6E7B52961C16A0051FFDA /* AppDelegate.swift in Sources */ = {isa = PBXBuildFile; fileRef = 45C6E7B42961C16A0051FFDA /* AppDelegate.swift */; };
		45C6E7B72961C16A0051FFDA /* SceneDelegate.swift in Sources */ = {isa = PBXBuildFile; fileRef = 45C6E7B62961C16A0051FFDA /* SceneDelegate.swift */; };
		45C6E7B92961C16A0051FFDA /* RMTabBarViewController.swift in Sources */ = {isa = PBXBuildFile; fileRef = 45C6E7B82961C16A0051FFDA /* RMTabBarViewController.swift */; };
		45C6E7BE2961C16B0051FFDA /* Assets.xcassets in Resources */ = {isa = PBXBuildFile; fileRef = 45C6E7BD2961C16B0051FFDA /* Assets.xcassets */; };
		45C6E7C12961C16B0051FFDA /* LaunchScreen.storyboard in Resources */ = {isa = PBXBuildFile; fileRef = 45C6E7BF2961C16B0051FFDA /* LaunchScreen.storyboard */; };
		45C6E7D02961C5E70051FFDA /* RMLocation.swift in Sources */ = {isa = PBXBuildFile; fileRef = 45C6E7CF2961C5E70051FFDA /* RMLocation.swift */; };
		45C6E7D22961C6420051FFDA /* RMCharacter.swift in Sources */ = {isa = PBXBuildFile; fileRef = 45C6E7D12961C6420051FFDA /* RMCharacter.swift */; };
		45C6E7D42961C6520051FFDA /* RMEpisode.swift in Sources */ = {isa = PBXBuildFile; fileRef = 45C6E7D32961C6520051FFDA /* RMEpisode.swift */; };
		45C6E7D62961C77A0051FFDA /* RMCharacterViewController.swift in Sources */ = {isa = PBXBuildFile; fileRef = 45C6E7D52961C77A0051FFDA /* RMCharacterViewController.swift */; };
		45C6E7D82961C7910051FFDA /* RMLocationViewController.swift in Sources */ = {isa = PBXBuildFile; fileRef = 45C6E7D72961C7910051FFDA /* RMLocationViewController.swift */; };
		45C6E7DA2961C7A50051FFDA /* RMEpisodeViewController.swift in Sources */ = {isa = PBXBuildFile; fileRef = 45C6E7D92961C7A50051FFDA /* RMEpisodeViewController.swift */; };
		45C6E7DC2961C7B40051FFDA /* RMSettingViewController.swift in Sources */ = {isa = PBXBuildFile; fileRef = 45C6E7DB2961C7B40051FFDA /* RMSettingViewController.swift */; };
/* End PBXBuildFile section */

/* Begin PBXFileReference section */
		45742ABA296283D000E19980 /* RMService.swift */ = {isa = PBXFileReference; lastKnownFileType = sourcecode.swift; path = RMService.swift; sourceTree = "<group>"; };
		45742ABC2962840B00E19980 /* RMRequest.swift */ = {isa = PBXFileReference; lastKnownFileType = sourcecode.swift; path = RMRequest.swift; sourceTree = "<group>"; };
		45742ABE29628B2900E19980 /* RMEndpoint.swift */ = {isa = PBXFileReference; lastKnownFileType = sourcecode.swift; path = RMEndpoint.swift; sourceTree = "<group>"; };
		45742AC02962AE9500E19980 /* RMOrigin.swift */ = {isa = PBXFileReference; lastKnownFileType = sourcecode.swift; path = RMOrigin.swift; sourceTree = "<group>"; };
		45742AC22962AFAE00E19980 /* RMSingleLocation.swift */ = {isa = PBXFileReference; lastKnownFileType = sourcecode.swift; path = RMSingleLocation.swift; sourceTree = "<group>"; };
		45742AC42962B3C900E19980 /* RMCharacterStatus.swift */ = {isa = PBXFileReference; lastKnownFileType = sourcecode.swift; path = RMCharacterStatus.swift; sourceTree = "<group>"; };
		45742AC62962B43C00E19980 /* RMCharacterGender.swift */ = {isa = PBXFileReference; lastKnownFileType = sourcecode.swift; path = RMCharacterGender.swift; sourceTree = "<group>"; };
		45C6E7B12961C16A0051FFDA /* RickMorty.app */ = {isa = PBXFileReference; explicitFileType = wrapper.application; includeInIndex = 0; path = RickMorty.app; sourceTree = BUILT_PRODUCTS_DIR; };
		45C6E7B42961C16A0051FFDA /* AppDelegate.swift */ = {isa = PBXFileReference; lastKnownFileType = sourcecode.swift; path = AppDelegate.swift; sourceTree = "<group>"; };
		45C6E7B62961C16A0051FFDA /* SceneDelegate.swift */ = {isa = PBXFileReference; lastKnownFileType = sourcecode.swift; path = SceneDelegate.swift; sourceTree = "<group>"; };
		45C6E7B82961C16A0051FFDA /* RMTabBarViewController.swift */ = {isa = PBXFileReference; lastKnownFileType = sourcecode.swift; path = RMTabBarViewController.swift; sourceTree = "<group>"; };
		45C6E7BD2961C16B0051FFDA /* Assets.xcassets */ = {isa = PBXFileReference; lastKnownFileType = folder.assetcatalog; path = Assets.xcassets; sourceTree = "<group>"; };
		45C6E7C02961C16B0051FFDA /* Base */ = {isa = PBXFileReference; lastKnownFileType = file.storyboard; name = Base; path = Base.lproj/LaunchScreen.storyboard; sourceTree = "<group>"; };
		45C6E7C22961C16B0051FFDA /* Info.plist */ = {isa = PBXFileReference; lastKnownFileType = text.plist.xml; path = Info.plist; sourceTree = "<group>"; };
		45C6E7CF2961C5E70051FFDA /* RMLocation.swift */ = {isa = PBXFileReference; lastKnownFileType = sourcecode.swift; path = RMLocation.swift; sourceTree = "<group>"; };
		45C6E7D12961C6420051FFDA /* RMCharacter.swift */ = {isa = PBXFileReference; lastKnownFileType = sourcecode.swift; path = RMCharacter.swift; sourceTree = "<group>"; };
		45C6E7D32961C6520051FFDA /* RMEpisode.swift */ = {isa = PBXFileReference; lastKnownFileType = sourcecode.swift; path = RMEpisode.swift; sourceTree = "<group>"; };
		45C6E7D52961C77A0051FFDA /* RMCharacterViewController.swift */ = {isa = PBXFileReference; lastKnownFileType = sourcecode.swift; path = RMCharacterViewController.swift; sourceTree = "<group>"; };
		45C6E7D72961C7910051FFDA /* RMLocationViewController.swift */ = {isa = PBXFileReference; lastKnownFileType = sourcecode.swift; path = RMLocationViewController.swift; sourceTree = "<group>"; };
		45C6E7D92961C7A50051FFDA /* RMEpisodeViewController.swift */ = {isa = PBXFileReference; lastKnownFileType = sourcecode.swift; path = RMEpisodeViewController.swift; sourceTree = "<group>"; };
		45C6E7DB2961C7B40051FFDA /* RMSettingViewController.swift */ = {isa = PBXFileReference; lastKnownFileType = sourcecode.swift; path = RMSettingViewController.swift; sourceTree = "<group>"; };
/* End PBXFileReference section */

/* Begin PBXFrameworksBuildPhase section */
		45C6E7AE2961C16A0051FFDA /* Frameworks */ = {
			isa = PBXFrameworksBuildPhase;
			buildActionMask = 2147483647;
			files = (
			);
			runOnlyForDeploymentPostprocessing = 0;
		};
/* End PBXFrameworksBuildPhase section */

/* Begin PBXGroup section */
		45C6E7A82961C16A0051FFDA = {
			isa = PBXGroup;
			children = (
				45C6E7B32961C16A0051FFDA /* RickMorty */,
				45C6E7B22961C16A0051FFDA /* Products */,
			);
			sourceTree = "<group>";
		};
		45C6E7B22961C16A0051FFDA /* Products */ = {
			isa = PBXGroup;
			children = (
				45C6E7B12961C16A0051FFDA /* RickMorty.app */,
			);
			name = Products;
			sourceTree = "<group>";
		};
		45C6E7B32961C16A0051FFDA /* RickMorty */ = {
			isa = PBXGroup;
			children = (
				45C6E7CE2961C4410051FFDA /* Managers */,
				45C6E7CD2961C4340051FFDA /* APIClient */,
				45C6E7CC2961C4220051FFDA /* ViewModels */,
				45C6E7CB2961C41A0051FFDA /* Views */,
				45C6E7CA2961C40E0051FFDA /* Models */,
				45C6E7C92961C3F50051FFDA /* Controllers */,
				45C6E7C82961C3EA0051FFDA /* Resources */,
				45C6E7C22961C16B0051FFDA /* Info.plist */,
			);
			path = RickMorty;
			sourceTree = "<group>";
		};
		45C6E7C82961C3EA0051FFDA /* Resources */ = {
			isa = PBXGroup;
			children = (
				45C6E7B42961C16A0051FFDA /* AppDelegate.swift */,
				45C6E7B62961C16A0051FFDA /* SceneDelegate.swift */,
				45C6E7BD2961C16B0051FFDA /* Assets.xcassets */,
				45C6E7BF2961C16B0051FFDA /* LaunchScreen.storyboard */,
			);
			path = Resources;
			sourceTree = "<group>";
		};
		45C6E7C92961C3F50051FFDA /* Controllers */ = {
			isa = PBXGroup;
			children = (
				45C6E7B82961C16A0051FFDA /* RMTabBarViewController.swift */,
				45C6E7D52961C77A0051FFDA /* RMCharacterViewController.swift */,
				45C6E7D72961C7910051FFDA /* RMLocationViewController.swift */,
				45C6E7D92961C7A50051FFDA /* RMEpisodeViewController.swift */,
				45C6E7DB2961C7B40051FFDA /* RMSettingViewController.swift */,
			);
			path = Controllers;
			sourceTree = "<group>";
		};
		45C6E7CA2961C40E0051FFDA /* Models */ = {
			isa = PBXGroup;
			children = (
				45C6E7CF2961C5E70051FFDA /* RMLocation.swift */,
				45C6E7D12961C6420051FFDA /* RMCharacter.swift */,
				45C6E7D32961C6520051FFDA /* RMEpisode.swift */,
				45742AC02962AE9500E19980 /* RMOrigin.swift */,
				45742AC22962AFAE00E19980 /* RMSingleLocation.swift */,
				45742AC42962B3C900E19980 /* RMCharacterStatus.swift */,
				45742AC62962B43C00E19980 /* RMCharacterGender.swift */,
			);
			path = Models;
			sourceTree = "<group>";
		};
		45C6E7CB2961C41A0051FFDA /* Views */ = {
			isa = PBXGroup;
			children = (
			);
			path = Views;
			sourceTree = "<group>";
		};
		45C6E7CC2961C4220051FFDA /* ViewModels */ = {
			isa = PBXGroup;
			children = (
			);
			path = ViewModels;
			sourceTree = "<group>";
		};
		45C6E7CD2961C4340051FFDA /* APIClient */ = {
			isa = PBXGroup;
			children = (
				45742ABA296283D000E19980 /* RMService.swift */,
				45742ABC2962840B00E19980 /* RMRequest.swift */,
				45742ABE29628B2900E19980 /* RMEndpoint.swift */,
			);
			path = APIClient;
			sourceTree = "<group>";
		};
		45C6E7CE2961C4410051FFDA /* Managers */ = {
			isa = PBXGroup;
			children = (
			);
			path = Managers;
			sourceTree = "<group>";
		};
/* End PBXGroup section */

/* Begin PBXNativeTarget section */
		45C6E7B02961C16A0051FFDA /* RickMorty */ = {
			isa = PBXNativeTarget;
			buildConfigurationList = 45C6E7C52961C16B0051FFDA /* Build configuration list for PBXNativeTarget "RickMorty" */;
			buildPhases = (
				45C6E7AD2961C16A0051FFDA /* Sources */,
				45C6E7AE2961C16A0051FFDA /* Frameworks */,
				45C6E7AF2961C16A0051FFDA /* Resources */,
			);
			buildRules = (
			);
			dependencies = (
			);
			name = RickMorty;
			productName = RickMorty;
			productReference = 45C6E7B12961C16A0051FFDA /* RickMorty.app */;
			productType = "com.apple.product-type.application";
		};
/* End PBXNativeTarget section */

/* Begin PBXProject section */
		45C6E7A92961C16A0051FFDA /* Project object */ = {
			isa = PBXProject;
			attributes = {
				LastSwiftUpdateCheck = 1250;
				LastUpgradeCheck = 1250;
				TargetAttributes = {
					45C6E7B02961C16A0051FFDA = {
						CreatedOnToolsVersion = 12.5.1;
					};
				};
			};
			buildConfigurationList = 45C6E7AC2961C16A0051FFDA /* Build configuration list for PBXProject "RickMorty" */;
			compatibilityVersion = "Xcode 9.3";
			developmentRegion = en;
			hasScannedForEncodings = 0;
			knownRegions = (
				en,
				Base,
			);
			mainGroup = 45C6E7A82961C16A0051FFDA;
			productRefGroup = 45C6E7B22961C16A0051FFDA /* Products */;
			projectDirPath = "";
			projectRoot = "";
			targets = (
				45C6E7B02961C16A0051FFDA /* RickMorty */,
			);
		};
/* End PBXProject section */

/* Begin PBXResourcesBuildPhase section */
		45C6E7AF2961C16A0051FFDA /* Resources */ = {
			isa = PBXResourcesBuildPhase;
			buildActionMask = 2147483647;
			files = (
				45C6E7C12961C16B0051FFDA /* LaunchScreen.storyboard in Resources */,
				45C6E7BE2961C16B0051FFDA /* Assets.xcassets in Resources */,
			);
			runOnlyForDeploymentPostprocessing = 0;
		};
/* End PBXResourcesBuildPhase section */

/* Begin PBXSourcesBuildPhase section */
		45C6E7AD2961C16A0051FFDA /* Sources */ = {
			isa = PBXSourcesBuildPhase;
			buildActionMask = 2147483647;
			files = (
				45742AC12962AE9500E19980 /* RMOrigin.swift in Sources */,
				45742AC32962AFAE00E19980 /* RMSingleLocation.swift in Sources */,
				45742AC52962B3C900E19980 /* RMCharacterStatus.swift in Sources */,
				45742AC72962B43C00E19980 /* RMCharacterGender.swift in Sources */,
				45C6E7D82961C7910051FFDA /* RMLocationViewController.swift in Sources */,
				45C6E7B92961C16A0051FFDA /* RMTabBarViewController.swift in Sources */,
				45C6E7D22961C6420051FFDA /* RMCharacter.swift in Sources */,
				45C6E7DA2961C7A50051FFDA /* RMEpisodeViewController.swift in Sources */,
				45C6E7DC2961C7B40051FFDA /* RMSettingViewController.swift in Sources */,
				45C6E7B52961C16A0051FFDA /* AppDelegate.swift in Sources */,
				45C6E7D02961C5E70051FFDA /* RMLocation.swift in Sources */,
				45742ABB296283D000E19980 /* RMService.swift in Sources */,
				45C6E7B72961C16A0051FFDA /* SceneDelegate.swift in Sources */,
				45742ABF29628B2900E19980 /* RMEndpoint.swift in Sources */,
				45C6E7D42961C6520051FFDA /* RMEpisode.swift in Sources */,
				45742ABD2962840B00E19980 /* RMRequest.swift in Sources */,
				45C6E7D62961C77A0051FFDA /* RMCharacterViewController.swift in Sources */,
			);
			runOnlyForDeploymentPostprocessing = 0;
		};
/* End PBXSourcesBuildPhase section */

/* Begin PBXVariantGroup section */
		45C6E7BF2961C16B0051FFDA /* LaunchScreen.storyboard */ = {
			isa = PBXVariantGroup;
			children = (
				45C6E7C02961C16B0051FFDA /* Base */,
			);
			name = LaunchScreen.storyboard;
			sourceTree = "<group>";
		};
/* End PBXVariantGroup section */

/* Begin XCBuildConfiguration section */
		45C6E7C32961C16B0051FFDA /* Debug */ = {
			isa = XCBuildConfiguration;
			buildSettings = {
				ALWAYS_SEARCH_USER_PATHS = NO;
				CLANG_ANALYZER_NONNULL = YES;
				CLANG_ANALYZER_NUMBER_OBJECT_CONVERSION = YES_AGGRESSIVE;
				CLANG_CXX_LANGUAGE_STANDARD = "gnu++14";
				CLANG_CXX_LIBRARY = "libc++";
				CLANG_ENABLE_MODULES = YES;
				CLANG_ENABLE_OBJC_ARC = YES;
				CLANG_ENABLE_OBJC_WEAK = YES;
				CLANG_WARN_BLOCK_CAPTURE_AUTORELEASING = YES;
				CLANG_WARN_BOOL_CONVERSION = YES;
				CLANG_WARN_COMMA = YES;
				CLANG_WARN_CONSTANT_CONVERSION = YES;
				CLANG_WARN_DEPRECATED_OBJC_IMPLEMENTATIONS = YES;
				CLANG_WARN_DIRECT_OBJC_ISA_USAGE = YES_ERROR;
				CLANG_WARN_DOCUMENTATION_COMMENTS = YES;
				CLANG_WARN_EMPTY_BODY = YES;
				CLANG_WARN_ENUM_CONVERSION = YES;
				CLANG_WARN_INFINITE_RECURSION = YES;
				CLANG_WARN_INT_CONVERSION = YES;
				CLANG_WARN_NON_LITERAL_NULL_CONVERSION = YES;
				CLANG_WARN_OBJC_IMPLICIT_RETAIN_SELF = YES;
				CLANG_WARN_OBJC_LITERAL_CONVERSION = YES;
				CLANG_WARN_OBJC_ROOT_CLASS = YES_ERROR;
				CLANG_WARN_QUOTED_INCLUDE_IN_FRAMEWORK_HEADER = YES;
				CLANG_WARN_RANGE_LOOP_ANALYSIS = YES;
				CLANG_WARN_STRICT_PROTOTYPES = YES;
				CLANG_WARN_SUSPICIOUS_MOVE = YES;
				CLANG_WARN_UNGUARDED_AVAILABILITY = YES_AGGRESSIVE;
				CLANG_WARN_UNREACHABLE_CODE = YES;
				CLANG_WARN__DUPLICATE_METHOD_MATCH = YES;
				COPY_PHASE_STRIP = NO;
				DEBUG_INFORMATION_FORMAT = dwarf;
				ENABLE_STRICT_OBJC_MSGSEND = YES;
				ENABLE_TESTABILITY = YES;
				GCC_C_LANGUAGE_STANDARD = gnu11;
				GCC_DYNAMIC_NO_PIC = NO;
				GCC_NO_COMMON_BLOCKS = YES;
				GCC_OPTIMIZATION_LEVEL = 0;
				GCC_PREPROCESSOR_DEFINITIONS = (
					"DEBUG=1",
					"$(inherited)",
				);
				GCC_WARN_64_TO_32_BIT_CONVERSION = YES;
				GCC_WARN_ABOUT_RETURN_TYPE = YES_ERROR;
				GCC_WARN_UNDECLARED_SELECTOR = YES;
				GCC_WARN_UNINITIALIZED_AUTOS = YES_AGGRESSIVE;
				GCC_WARN_UNUSED_FUNCTION = YES;
				GCC_WARN_UNUSED_VARIABLE = YES;
				IPHONEOS_DEPLOYMENT_TARGET = 14.5;
				MTL_ENABLE_DEBUG_INFO = INCLUDE_SOURCE;
				MTL_FAST_MATH = YES;
				ONLY_ACTIVE_ARCH = YES;
				SDKROOT = iphoneos;
				SWIFT_ACTIVE_COMPILATION_CONDITIONS = DEBUG;
				SWIFT_OPTIMIZATION_LEVEL = "-Onone";
			};
			name = Debug;
		};
		45C6E7C42961C16B0051FFDA /* Release */ = {
			isa = XCBuildConfiguration;
			buildSettings = {
				ALWAYS_SEARCH_USER_PATHS = NO;
				CLANG_ANALYZER_NONNULL = YES;
				CLANG_ANALYZER_NUMBER_OBJECT_CONVERSION = YES_AGGRESSIVE;
				CLANG_CXX_LANGUAGE_STANDARD = "gnu++14";
				CLANG_CXX_LIBRARY = "libc++";
				CLANG_ENABLE_MODULES = YES;
				CLANG_ENABLE_OBJC_ARC = YES;
				CLANG_ENABLE_OBJC_WEAK = YES;
				CLANG_WARN_BLOCK_CAPTURE_AUTORELEASING = YES;
				CLANG_WARN_BOOL_CONVERSION = YES;
				CLANG_WARN_COMMA = YES;
				CLANG_WARN_CONSTANT_CONVERSION = YES;
				CLANG_WARN_DEPRECATED_OBJC_IMPLEMENTATIONS = YES;
				CLANG_WARN_DIRECT_OBJC_ISA_USAGE = YES_ERROR;
				CLANG_WARN_DOCUMENTATION_COMMENTS = YES;
				CLANG_WARN_EMPTY_BODY = YES;
				CLANG_WARN_ENUM_CONVERSION = YES;
				CLANG_WARN_INFINITE_RECURSION = YES;
				CLANG_WARN_INT_CONVERSION = YES;
				CLANG_WARN_NON_LITERAL_NULL_CONVERSION = YES;
				CLANG_WARN_OBJC_IMPLICIT_RETAIN_SELF = YES;
				CLANG_WARN_OBJC_LITERAL_CONVERSION = YES;
				CLANG_WARN_OBJC_ROOT_CLASS = YES_ERROR;
				CLANG_WARN_QUOTED_INCLUDE_IN_FRAMEWORK_HEADER = YES;
				CLANG_WARN_RANGE_LOOP_ANALYSIS = YES;
				CLANG_WARN_STRICT_PROTOTYPES = YES;
				CLANG_WARN_SUSPICIOUS_MOVE = YES;
				CLANG_WARN_UNGUARDED_AVAILABILITY = YES_AGGRESSIVE;
				CLANG_WARN_UNREACHABLE_CODE = YES;
				CLANG_WARN__DUPLICATE_METHOD_MATCH = YES;
				COPY_PHASE_STRIP = NO;
				DEBUG_INFORMATION_FORMAT = "dwarf-with-dsym";
				ENABLE_NS_ASSERTIONS = NO;
				ENABLE_STRICT_OBJC_MSGSEND = YES;
				GCC_C_LANGUAGE_STANDARD = gnu11;
				GCC_NO_COMMON_BLOCKS = YES;
				GCC_WARN_64_TO_32_BIT_CONVERSION = YES;
				GCC_WARN_ABOUT_RETURN_TYPE = YES_ERROR;
				GCC_WARN_UNDECLARED_SELECTOR = YES;
				GCC_WARN_UNINITIALIZED_AUTOS = YES_AGGRESSIVE;
				GCC_WARN_UNUSED_FUNCTION = YES;
				GCC_WARN_UNUSED_VARIABLE = YES;
				IPHONEOS_DEPLOYMENT_TARGET = 14.5;
				MTL_ENABLE_DEBUG_INFO = NO;
				MTL_FAST_MATH = YES;
				SDKROOT = iphoneos;
				SWIFT_COMPILATION_MODE = wholemodule;
				SWIFT_OPTIMIZATION_LEVEL = "-O";
				VALIDATE_PRODUCT = YES;
			};
			name = Release;
		};
		45C6E7C62961C16B0051FFDA /* Debug */ = {
			isa = XCBuildConfiguration;
			buildSettings = {
				ASSETCATALOG_COMPILER_APPICON_NAME = AppIcon;
				ASSETCATALOG_COMPILER_GLOBAL_ACCENT_COLOR_NAME = AccentColor;
				CODE_SIGN_STYLE = Automatic;
				DEVELOPMENT_TEAM = 64YZ5BH45M;
				INFOPLIST_FILE = RickMorty/Info.plist;
				LD_RUNPATH_SEARCH_PATHS = (
					"$(inherited)",
					"@executable_path/Frameworks",
				);
				PRODUCT_BUNDLE_IDENTIFIER = com.houhou.studey.RickMorty;
				PRODUCT_NAME = "$(TARGET_NAME)";
				SWIFT_VERSION = 5.0;
				TARGETED_DEVICE_FAMILY = "1,2";
			};
			name = Debug;
		};
		45C6E7C72961C16B0051FFDA /* Release */ = {
			isa = XCBuildConfiguration;
			buildSettings = {
				ASSETCATALOG_COMPILER_APPICON_NAME = AppIcon;
				ASSETCATALOG_COMPILER_GLOBAL_ACCENT_COLOR_NAME = AccentColor;
				CODE_SIGN_STYLE = Automatic;
				DEVELOPMENT_TEAM = 64YZ5BH45M;
				INFOPLIST_FILE = RickMorty/Info.plist;
				LD_RUNPATH_SEARCH_PATHS = (
					"$(inherited)",
					"@executable_path/Frameworks",
				);
				PRODUCT_BUNDLE_IDENTIFIER = com.houhou.studey.RickMorty;
				PRODUCT_NAME = "$(TARGET_NAME)";
				SWIFT_VERSION = 5.0;
				TARGETED_DEVICE_FAMILY = "1,2";
			};
			name = Release;
		};
/* End XCBuildConfiguration section */

/* Begin XCConfigurationList section */
		45C6E7AC2961C16A0051FFDA /* Build configuration list for PBXProject "RickMorty" */ = {
			isa = XCConfigurationList;
			buildConfigurations = (
				45C6E7C32961C16B0051FFDA /* Debug */,
				45C6E7C42961C16B0051FFDA /* Release */,
			);
			defaultConfigurationIsVisible = 0;
			defaultConfigurationName = Release;
		};
		45C6E7C52961C16B0051FFDA /* Build configuration list for PBXNativeTarget "RickMorty" */ = {
			isa = XCConfigurationList;
			buildConfigurations = (
				45C6E7C62961C16B0051FFDA /* Debug */,
				45C6E7C72961C16B0051FFDA /* Release */,
			);
			defaultConfigurationIsVisible = 0;
			defaultConfigurationName = Release;
		};
/* End XCConfigurationList section */
	};
	rootObject = 45C6E7A92961C16A0051FFDA /* Project object */;
}
